
Microsoft Visual Studio Solution File, Format Version 12.00
# Visual Studio Version 17
VisualStudioVersion = 17.6.33829.357
MinimumVisualStudioVersion = 10.0.40219.1
Project("{FAE04EC0-301F-11D3-BF4B-00C04F79EFBC}") = "CustodianEverywhere.V3.Docs", "CustodianEverywhere.V3.Docs\CustodianEverywhere.V3.Docs.csproj", "{EE7D4881-D280-4754-96AA-B65B92387128}"
EndProject
Global
	GlobalSection(SolutionConfigurationPlatforms) = preSolution
		Debug|Any CPU = Debug|Any CPU
		Release|Any CPU = Release|Any CPU
	EndGlobalSection
	GlobalSection(ProjectConfigurationPlatforms) = postSolution
		{EE7D4881-D280-4754-96AA-B65B92387128}.Debug|Any CPU.ActiveCfg = Debug|Any CPU
		{EE7D4881-D280-4754-96AA-B65B92387128}.Debug|Any CPU.Build.0 = Debug|Any CPU
		{EE7D4881-D280-4754-96AA-B65B92387128}.Release|Any CPU.ActiveCfg = Release|Any CPU
		{EE7D4881-D280-4754-96AA-B65B92387128}.Release|Any CPU.Build.0 = Release|Any CPU
	EndGlobalSection
	GlobalSection(SolutionProperties) = preSolution
		HideSolutionNode = FALSE
	EndGlobalSection
	GlobalSection(ExtensibilityGlobals) = postSolution
		SolutionGuid = {C9E7964A-1E16-4776-A03A-86A114E1F457}
	EndGlobalSection
EndGlobal
